
Microsoft Visual Studio Solution File, Format Version 12.00
# Visual Studio Version 16
VisualStudioVersion = 16.0.31729.503
MinimumVisualStudioVersion = 10.0.40219.1
Project("{FAE04EC0-301F-11D3-BF4B-00C04F79EFBC}") = "PowerPointWebAddInTSWeb", "PowerPointWebAddInTSWeb.csproj", "{C8488E02-A6B9-4F38-9444-DC22614DDB4B}"
EndProject
Project("{FAE04EC0-301F-11D3-BF4B-00C04F79EFBC}") = "PowerPointWebAddInTSWeb.Office", "..\PowerPointWebAddInTSWeb.Office\PowerPointWebAddInTSWeb.Office.csproj", "{B2C65EF1-0679-4E95-B237-685D0F9C61A8}"
EndProject
Global
	GlobalSection(SolutionConfigurationPlatforms) = preSolution
		Debug|Any CPU = Debug|Any CPU
		Release|Any CPU = Release|Any CPU
	EndGlobalSection
	GlobalSection(ProjectConfigurationPlatforms) = postSolution
		{C8488E02-A6B9-4F38-9444-DC22614DDB4B}.Debug|Any CPU.ActiveCfg = Debug|Any CPU
		{C8488E02-A6B9-4F38-9444-DC22614DDB4B}.Debug|Any CPU.Build.0 = Debug|Any CPU
		{C8488E02-A6B9-4F38-9444-DC22614DDB4B}.Release|Any CPU.ActiveCfg = Release|Any CPU
		{C8488E02-A6B9-4F38-9444-DC22614DDB4B}.Release|Any CPU.Build.0 = Release|Any CPU
		{B2C65EF1-0679-4E95-B237-685D0F9C61A8}.Debug|Any CPU.ActiveCfg = Debug|Any CPU
		{B2C65EF1-0679-4E95-B237-685D0F9C61A8}.Debug|Any CPU.Build.0 = Debug|Any CPU
		{B2C65EF1-0679-4E95-B237-685D0F9C61A8}.Debug|Any CPU.Deploy.0 = Debug|Any CPU
		{B2C65EF1-0679-4E95-B237-685D0F9C61A8}.Release|Any CPU.ActiveCfg = Release|Any CPU
		{B2C65EF1-0679-4E95-B237-685D0F9C61A8}.Release|Any CPU.Build.0 = Release|Any CPU
		{B2C65EF1-0679-4E95-B237-685D0F9C61A8}.Release|Any CPU.Deploy.0 = Release|Any CPU
	EndGlobalSection
	GlobalSection(SolutionProperties) = preSolution
		HideSolutionNode = FALSE
	EndGlobalSection
	GlobalSection(ExtensibilityGlobals) = postSolution
		SolutionGuid = {5077CD9F-847A-4186-8297-E42FE1EAE9C3}
	EndGlobalSection
EndGlobal
